
Microsoft Visual Studio Solution File, Format Version 12.00
Project("{FAE04EC0-301F-11D3-BF4B-00C04F79EFBC}") = "DoubleJay.Epi.EnhancedPropertyList", "src\DoubleJay.Epi.EnhancedPropertyList\DoubleJay.Epi.EnhancedPropertyList.csproj", "{DA1526C5-79B1-4C6F-BF93-33E967A18041}"
EndProject
Global
	GlobalSection(SolutionConfigurationPlatforms) = preSolution
		Debug|Any CPU = Debug|Any CPU
		Release|Any CPU = Release|Any CPU
	EndGlobalSection
	GlobalSection(ProjectConfigurationPlatforms) = postSolution
		{DA1526C5-79B1-4C6F-BF93-33E967A18041}.Debug|Any CPU.ActiveCfg = Debug|Any CPU
		{DA1526C5-79B1-4C6F-BF93-33E967A18041}.Debug|Any CPU.Build.0 = Debug|Any CPU
		{DA1526C5-79B1-4C6F-BF93-33E967A18041}.Release|Any CPU.ActiveCfg = Release|Any CPU
		{DA1526C5-79B1-4C6F-BF93-33E967A18041}.Release|Any CPU.Build.0 = Release|Any CPU
	EndGlobalSection
EndGlobal
